{
  "name": "experiment8",
  "version": "1.0.0",
  "lockfileVersion": 3,
  "requires": true,
  "packages": {
    "": {
      "name": "experiment8",
      "version": "1.0.0",
      "dependencies": {
        "cookie-parser": "^1.4.7",
        "express": "^4.18.2",
        "express-session": "^1.17.3"
      }
    },
    "node_modules/cookie-parser": {
      "version": "1.4.7",
      "resolved": "https://registry.npmjs.org/cookie-parser/-/cookie-parser-1.4.7.tgz",
      "integrity": "sha512-5s6Bd7R8wUcb+kU7WZ7j3PZPCdlyEt1R3V5T0Z+7IjqkP+VqfFbRZxEwZ9jzAw+Rhl0HVUjD3eV0f+zUoBmnqA==",
      "dependencies": {
        "cookie": "~0.5.0",
        "cookie-signature": "~1.0.6"
      }
    },
    "node_modules/express": {
      "version": "4.18.2",
      "resolved": "https://registry.npmjs.org/express/-/express-4.18.2.tgz",
      "integrity": "sha512-7VJXckM+nXGvGTL53L+T1q2k+S3y5yTn8k5rH4+U4Q4d5D09DR5D3q+XK0sE2qXqHcP2EwS/Y0Dl0Qp2qK5VYw==",
      "dependencies": {
        "accepts": "~1.3.8",
        "array-flatten": "1.1.1",
        "body-parser": "1.20.2",
        "content-disposition": "0.5.4",
        "cookie": "0.5.0",
        "debug": "2.6.9",
        "depd": "~2.0.0",
        "encodeurl": "~1.0.2",
        "escape-html": "~1.0.3",
        "etag": "~1.8.1",
        "finalhandler": "1.2.0",
        "fresh": "0.5.2",
        "merge-descriptors": "1.0.1",
        "methods": "~1.1.2",
        "on-finished": "2.4.1",
        "parseurl": "~1.3.3",
        "path-to-regexp": "0.1.7",
        "proxy-addr": "~2.0.7",
        "qs": "6.11.1",
        "range-parser": "~1.2.1",
        "safe-buffer": "5.2.1",
        "send": "0.18.0",
        "serve-static": "1.15.0",
        "setprototypeof": "1.2.0",
        "statuses": "~2.0.1",
        "type-is": "~1.6.18",
        "utils-merge": "1.0.1",
        "vary": "~1.1.2"
      }
    },
    "node_modules/express-session": {
      "version": "1.17.3",
      "resolved": "https://registry.npmjs.org/express-session/-/express-session-1.17.3.tgz",
      "integrity": "sha512-7x4MlK3F3i4eTbZ1wM9rNhlM8Zb0GZCg3cE2kNQxSu9E6RY1ZtUeDvVb0k0bCxXry5Bl8Z6cRWlHtvHqXbW5xw==",
      "dependencies": {
        "cookie": "0.4.2",
        "debug": "2.6.9",
        "depd": "~1.1.2",
        "on-headers": "~1.0.2",
        "safe-buffer": "5.2.1",
        "uid-safe": "~2.1.5"
      }
    }
  },
  "dependencies": {
    "cookie-parser": {
      "version": "1.4.7",
      "resolved": "https://registry.npmjs.org/cookie-parser/-/cookie-parser-1.4.7.tgz",
      "integrity": "sha512-5s6Bd7R8wUcb+kU7WZ7j3PZPCdlyEt1R3V5T0Z+7IjqkP+VqfFbRZxEwZ9jzAw+Rhl0HVUjD3eV0f+zUoBmnqA==",
      "dev": false
    },
    "express": {
      "version": "4.18.2",
      "resolved": "https://registry.npmjs.org/express/-/express-4.18.2.tgz",
      "integrity": "sha512-7VJXckM+nXGvGTL53L+T1q2k+S3y5yTn8k5rH4+U4Q4d5D09DR5D3q+XK0sE2qXqHcP2EwS/Y0Dl0Qp2qK5VYw==",
      "dev": false
    },
    "express-session": {
      "version": "1.17.3",
      "resolved": "https://registry.npmjs.org/express-session/-/express-session-1.17.3.tgz",
      "integrity": "sha512-7x4MlK3F3i4eTbZ1wM9rNhlM8Zb0GZCg3cE2kNQxSu9E6RY1ZtUeDvVb0k0bCxXry5Bl8Z6cRWlHtvHqXbW5xw==",
      "dev": false
    }
  }
}
